{
  "version": 4,
  "terraform_version": "1.14.4",
  "serial": 99,
  "lineage": "6699f438-1f12-0bf6-5ecf-918529380e8a",
  "outputs": {
    "clickhouse_ip": {
      "value": "10.0.2.22",
      "type": "string"
    },
    "logbroker_ips": {
      "value": [
        "10.0.2.33",
        "10.0.2.32"
      ],
      "type": [
        "tuple",
        [
          "string",
          "string"
        ]
      ]
    },
    "nat_ip": {
      "value": "89.169.146.243",
      "type": "string"
    },
    "nginx_ip": {
      "value": "158.160.60.85",
      "type": "string"
    }
  },
  "resources": [
    {
      "mode": "data",
      "type": "yandex_compute_image",
      "name": "nat",
      "provider": "provider[\"registry.terraform.io/yandex-cloud/yandex\"]",
      "instances": [
        {
          "schema_version": 0,
          "attributes": {
            "created_at": "2026-01-19T11:17:48Z",
            "description": "nat-instance-ubuntu",
            "family": "nat-instance-ubuntu",
            "folder_id": "standard-images",
            "hardware_generation": [
              {
                "generation2_features": [],
                "legacy_features": [
                  {
                    "pci_topology": "PCI_TOPOLOGY_V1"
                  }
                ]
              }
            ],
            "id": "fd8h76l6eh0qh70cpft7",
            "image_id": "fd8h76l6eh0qh70cpft7",
            "kms_key_id": null,
            "labels": {},
            "min_disk_size": 3,
            "name": "nat-instance-ubuntu-18-04-lts-v20260119",
            "os_type": "linux",
            "pooled": true,
            "product_ids": [
              "f2ecblgua858j30uep0a",
              "f2enujn4mp9rhmgmdhcc"
            ],
            "size": 2,
            "status": "ready"
          },
          "sensitive_attributes": [],
          "identity_schema_version": 0
        }
      ]
    },
    {
      "mode": "data",
      "type": "yandex_compute_image",
      "name": "ubuntu",
      "provider": "provider[\"registry.terraform.io/yandex-cloud/yandex\"]",
      "instances": [
        {
          "schema_version": 0,
          "attributes": {
            "created_at": "2026-01-26T11:13:41Z",
            "description": "Ubuntu 22.04 lts v20260116030031",
            "family": "ubuntu-2204-lts",
            "folder_id": "standard-images",
            "hardware_generation": [
              {
                "generation2_features": [],
                "legacy_features": [
                  {
                    "pci_topology": "PCI_TOPOLOGY_V2"
                  }
                ]
              }
            ],
            "id": "fd883rif8e2s2nqkskao",
            "image_id": "fd883rif8e2s2nqkskao",
            "kms_key_id": null,
            "labels": {
              "version": "20260116030031",
              "x-hopper-operation-id": "d9prblu3qn55lflrsq43",
              "x-hopper-source-image-id": "fd8hfdf0dqpge2g29umv"
            },
            "min_disk_size": 8,
            "name": "ubuntu-22-04-lts-v20260126",
            "os_type": "linux",
            "pooled": true,
            "product_ids": [
              "f2e76jr3r0ps9so1fj09"
            ],
            "size": 2,
            "status": "ready"
          },
          "sensitive_attributes": [],
          "identity_schema_version": 0
        }
      ]
    },
    {
      "mode": "managed",
      "type": "yandex_compute_instance",
      "name": "clickhouse",
      "provider": "provider[\"registry.terraform.io/yandex-cloud/yandex\"]",
      "instances": [
        {
          "schema_version": 1,
          "attributes": {
            "allow_recreate": null,
            "allow_stopping_for_update": null,
            "boot_disk": [
              {
                "auto_delete": true,
                "device_name": "fhmmge0eoh14tcisrtq5",
                "disk_id": "fhmmge0eoh14tcisrtq5",
                "initialize_params": [
                  {
                    "block_size": 4096,
                    "description": "",
                    "image_id": "fd883rif8e2s2nqkskao",
                    "kms_key_id": "",
                    "name": "",
                    "size": 15,
                    "snapshot_id": "",
                    "type": "network-hdd"
                  }
                ],
                "mode": "READ_WRITE"
              }
            ],
            "created_at": "2026-01-31T14:21:40Z",
            "description": "",
            "filesystem": [],
            "folder_id": "b1g4ig60p79u6hkvpnf3",
            "fqdn": "fhmgthhcj780lh1piitr.auto.internal",
            "gpu_cluster_id": "",
            "hardware_generation": [
              {
                "generation2_features": [],
                "legacy_features": [
                  {
                    "pci_topology": "PCI_TOPOLOGY_V2"
                  }
                ]
              }
            ],
            "hostname": "",
            "id": "fhmgthhcj780lh1piitr",
            "labels": null,
            "local_disk": [],
            "maintenance_grace_period": "",
            "maintenance_policy": null,
            "metadata": {
              "ssh-keys": "ubuntu:ssh-rsa AAAAB3NzaC1yc2EAAAADAQABAAACAQCxHZt1pEAYuzzY2VCQRJNPwRfuApcDzZobQ/ZeiOxrf3I9MxWGxF197RI6TfJz0lqDM/4NviECIB6C0amlYi7kfXOEnIiYpjm4YgyA7tX9fvQ5f5JeeQjhf/p+7mZNG/BAb9kOA1WR5F+2aPSJL9/F0SrGyZTpPK19bswlL0cTgyXxyafsy2QsziKpHA1ATxKPhhVFicXbE4W1emuaq261C5+oIpemMRZx7PmAQKjCs3o3vZbYJN3B/c3Utfz4KIVJTCNEJdnMxLyLV9/Mvfpf+v6PypZeiJ581s7DDQJ7hho7xQxGGChL+9hv/6m/VH6u+abJaTqgBmBgrzb2/Ywb/piNUVdNVxWkeE5PLcAbjP3oyp6pne9Guo6mXb8DNNrlE0bsqC8xpfVYUh/BWUqPQnx/8ozWh+FqsLQwrESET+PwjyH3jPVGN+tkOzZxbwV/eeqzHWXHBk8oR2h73KfFwNXVPa6neXgBqKp9CmExCO6Aku/Rg05yzXnseWgUUkCdTR7K7AVdlXWw8xRDpcGwHOByEzcG4XlFZgrtnPBpUij9Qx+Gpk6ZGYTwTQNtM7yq/yu9xq6kQOTYJgBN9UejsQY5IIvapXQ6l1FSc0zEwlLcoa9H0NCR+TRXZzWL0ze7lU1lhOTsCx8cZlMuLoNiCY/zgK6/QgdFXEp+goRsPw== РђРЅС‚РѕРЅ@DESKTOP-39HQ4PH",
              "user-data": "#cloud-config\npackage_update: true\npackages:\n  - curl\n  - gnupg\n\nruncmd:\n  - curl -fsSL https://packages.clickhouse.com/rpm/lts/repodata/repomd.xml.key | gpg --dearmor -o /usr/share/keyrings/clickhouse-keyring.gpg\n  - echo \"deb [signed-by=/usr/share/keyrings/clickhouse-keyring.gpg] https://packages.clickhouse.com/deb stable main\" \u003e /etc/apt/sources.list.d/clickhouse.list\n  - apt-get update\n  - DEBIAN_FRONTEND=noninteractive apt-get install -y clickhouse-server clickhouse-client\n  - echo '\u003cclickhouse\u003e\u003clisten_host\u003e0.0.0.0\u003c/listen_host\u003e\u003c/clickhouse\u003e' \u003e /etc/clickhouse-server/config.d/listen.xml\n  - systemctl enable --now clickhouse-server\n  - sleep 10\n  - clickhouse-client -q \"CREATE TABLE IF NOT EXISTS default.logs (timestamp DateTime DEFAULT now(), level String, message String, source String) ENGINE = MergeTree() ORDER BY timestamp\"\n"
            },
            "metadata_options": [
              {
                "aws_v1_http_endpoint": 1,
                "aws_v1_http_token": 2,
                "gce_http_endpoint": 1,
                "gce_http_token": 1
              }
            ],
            "name": "hw2-clickhouse",
            "network_acceleration_type": "standard",
            "network_interface": [
              {
                "dns_record": [],
                "index": 0,
                "ip_address": "10.0.2.22",
                "ipv4": true,
                "ipv6": false,
                "ipv6_address": "",
                "ipv6_dns_record": [],
                "mac_address": "d0:0d:10:ec:62:c9",
                "nat": false,
                "nat_dns_record": [],
                "nat_ip_address": "",
                "nat_ip_version": "",
                "security_group_ids": [
                  "enpbc7ve42dm43tf510l"
                ],
                "subnet_id": "e9bcuhcpnl0l8gjba5qk"
              }
            ],
            "placement_policy": [
              {
                "host_affinity_rules": [],
                "placement_group_id": "",
                "placement_group_partition": 0
              }
            ],
            "platform_id": "standard-v3",
            "resources": [
              {
                "core_fraction": 100,
                "cores": 2,
                "gpus": 0,
                "memory": 4
              }
            ],
            "scheduling_policy": [
              {
                "preemptible": false
              }
            ],
            "secondary_disk": [],
            "service_account_id": "",
            "status": "running",
            "timeouts": null,
            "zone": "ru-central1-a"
          },
          "sensitive_attributes": [],
          "identity_schema_version": 0,
          "private": "eyJlMmJmYjczMC1lY2FhLTExZTYtOGY4OC0zNDM2M2JjN2M0YzAiOnsiY3JlYXRlIjozMDAwMDAwMDAwMDAsImRlbGV0ZSI6MzAwMDAwMDAwMDAwLCJ1cGRhdGUiOjMwMDAwMDAwMDAwMH0sInNjaGVtYV92ZXJzaW9uIjoiMSJ9",
          "dependencies": [
            "data.yandex_compute_image.nat",
            "data.yandex_compute_image.ubuntu",
            "yandex_compute_instance.nat",
            "yandex_vpc_network.main",
            "yandex_vpc_route_table.nat",
            "yandex_vpc_security_group.nat",
            "yandex_vpc_security_group.private",
            "yandex_vpc_subnet.private",
            "yandex_vpc_subnet.public"
          ]
        }
      ]
    },
    {
      "mode": "managed",
      "type": "yandex_compute_instance",
      "name": "logbroker",
      "provider": "provider[\"registry.terraform.io/yandex-cloud/yandex\"]",
      "instances": [
        {
          "index_key": 0,
          "schema_version": 1,
          "attributes": {
            "allow_recreate": null,
            "allow_stopping_for_update": null,
            "boot_disk": [
              {
                "auto_delete": true,
                "device_name": "fhmcqc94udh4uo641413",
                "disk_id": "fhmcqc94udh4uo641413",
                "initialize_params": [
                  {
                    "block_size": 4096,
                    "description": "",
                    "image_id": "fd883rif8e2s2nqkskao",
                    "kms_key_id": "",
                    "name": "",
                    "size": 8,
                    "snapshot_id": "",
                    "type": "network-hdd"
                  }
                ],
                "mode": "READ_WRITE"
              }
            ],
            "created_at": "2026-01-31T14:22:22Z",
            "description": "",
            "filesystem": [],
            "folder_id": "b1g4ig60p79u6hkvpnf3",
            "fqdn": "fhmqvhhdepflh39tu43t.auto.internal",
            "gpu_cluster_id": "",
            "hardware_generation": [
              {
                "generation2_features": [],
                "legacy_features": [
                  {
                    "pci_topology": "PCI_TOPOLOGY_V2"
                  }
                ]
              }
            ],
            "hostname": "",
            "id": "fhmqvhhdepflh39tu43t",
            "labels": null,
            "local_disk": [],
            "maintenance_grace_period": "",
            "maintenance_policy": null,
            "metadata": {
              "ssh-keys": "ubuntu:ssh-rsa AAAAB3NzaC1yc2EAAAADAQABAAACAQCxHZt1pEAYuzzY2VCQRJNPwRfuApcDzZobQ/ZeiOxrf3I9MxWGxF197RI6TfJz0lqDM/4NviECIB6C0amlYi7kfXOEnIiYpjm4YgyA7tX9fvQ5f5JeeQjhf/p+7mZNG/BAb9kOA1WR5F+2aPSJL9/F0SrGyZTpPK19bswlL0cTgyXxyafsy2QsziKpHA1ATxKPhhVFicXbE4W1emuaq261C5+oIpemMRZx7PmAQKjCs3o3vZbYJN3B/c3Utfz4KIVJTCNEJdnMxLyLV9/Mvfpf+v6PypZeiJ581s7DDQJ7hho7xQxGGChL+9hv/6m/VH6u+abJaTqgBmBgrzb2/Ywb/piNUVdNVxWkeE5PLcAbjP3oyp6pne9Guo6mXb8DNNrlE0bsqC8xpfVYUh/BWUqPQnx/8ozWh+FqsLQwrESET+PwjyH3jPVGN+tkOzZxbwV/eeqzHWXHBk8oR2h73KfFwNXVPa6neXgBqKp9CmExCO6Aku/Rg05yzXnseWgUUkCdTR7K7AVdlXWw8xRDpcGwHOByEzcG4XlFZgrtnPBpUij9Qx+Gpk6ZGYTwTQNtM7yq/yu9xq6kQOTYJgBN9UejsQY5IIvapXQ6l1FSc0zEwlLcoa9H0NCR+TRXZzWL0ze7lU1lhOTsCx8cZlMuLoNiCY/zgK6/QgdFXEp+goRsPw== РђРЅС‚РѕРЅ@DESKTOP-39HQ4PH",
              "user-data": "#cloud-config\npackage_update: true\npackages:\n  - python3\n  - python3-pip\n  - python3-venv\n\nwrite_files:\n  - path: /opt/logbroker/main.py\n    encoding: b64\n    content: ZnJvbSBmYXN0YXBpIGltcG9ydCBGYXN0QVBJLCBIVFRQRXhjZXB0aW9uLCBSZXF1ZXN0CmZyb20gcHlkYW50aWMgaW1wb3J0IEJhc2VNb2RlbApmcm9tIGRhdGV0aW1lIGltcG9ydCBkYXRldGltZSwgdGltZXpvbmUsIHRpbWVkZWx0YQppbXBvcnQgaHR0cHgsIGxvZ2dpbmcsIHNvY2tldCwgb3MKCkNMSUNLSE9VU0UgPSBvcy5nZXRlbnYoIkNMSUNLSE9VU0VfVVJMIiwgImh0dHA6Ly9sb2NhbGhvc3Q6ODEyMyIpClRaID0gdGltZXpvbmUodGltZWRlbHRhKGhvdXJzPTMpKQpIT1NUID0gc29ja2V0LmdldGhvc3RuYW1lKCkKCmxvZ2dpbmcuYmFzaWNDb25maWcobGV2ZWw9bG9nZ2luZy5JTkZPLCBmb3JtYXQ9ZiIlKGFzY3RpbWUpcyBbe0hPU1R9XSAlKG1lc3NhZ2UpcyIpCmxvZyA9IGxvZ2dpbmcuZ2V0TG9nZ2VyKF9fbmFtZV9fKQphcHAgPSBGYXN0QVBJKCkKCgpjbGFzcyBMb2dFbnRyeShCYXNlTW9kZWwpOgogICAgbGV2ZWw6IHN0ciA9ICJJTkZPIgogICAgbWVzc2FnZTogc3RyCiAgICBzb3VyY2U6IHN0ciA9ICJ1bmtub3duIgogICAgdGltZXN0YW1wOiBzdHIgPSBOb25lCgoKY2xhc3MgTG9nQmF0Y2goQmFzZU1vZGVsKToKICAgIGxvZ3M6IGxpc3RbTG9nRW50cnldCgoKZGVmIGVzYyhzKToKICAgIHJldHVybiBzLnJlcGxhY2UoIiciLCAiJyciKQoKCmRlZiBub3coKToKICAgIHJldHVybiBkYXRldGltZS5ub3coVFopLnN0cmZ0aW1lKCIlWS0lbS0lZCAlSDolTTolUyIpCgoKQGFwcC5nZXQoIi8iKQpkZWYgaW5kZXgoKToKICAgIHJldHVybiB7InN0YXR1cyI6ICJvayIsICJob3N0IjogSE9TVH0KCgpAYXBwLmdldCgiL2hlYWx0aCIpCmRlZiBoZWFsdGgoKToKICAgIHJldHVybiB7InN0YXR1cyI6ICJoZWFsdGh5In0KCgpAYXBwLnBvc3QoIi93cml0ZV9sb2ciKQphc3luYyBkZWYgd3JpdGVfbG9nKGVudHJ5OiBMb2dFbnRyeSwgcmVxOiBSZXF1ZXN0KToKICAgIGlwID0gcmVxLmhlYWRlcnMuZ2V0KCJYLVJlYWwtSVAiLCByZXEuY2xpZW50Lmhvc3QpCiAgICB0cyA9IGVudHJ5LnRpbWVzdGFtcCBvciBub3coKQogICAgcSA9IGYiSU5TRVJUIElOVE8gZGVmYXVsdC5sb2dzIFZBTFVFUyAoJ3t0c30nLCAne2VzYyhlbnRyeS5sZXZlbCl9JywgJ3tlc2MoZW50cnkubWVzc2FnZSl9JywgJ3tlc2MoZW50cnkuc291cmNlKX0nKSIKCiAgICBhc3luYyB3aXRoIGh0dHB4LkFzeW5jQ2xpZW50KCkgYXMgYzoKICAgICAgICByID0gYXdhaXQgYy5wb3N0KENMSUNLSE9VU0UsIGNvbnRlbnQ9cSkKICAgICAgICBpZiByLnN0YXR1c19jb2RlICE9IDIwMDoKICAgICAgICAgICAgcmFpc2UgSFRUUEV4Y2VwdGlvbig1MDAsIHIudGV4dCkKCiAgICBsb2cuaW5mbyhmIlt7aXB9XSB7ZW50cnkubGV2ZWx9OiB7ZW50cnkubWVzc2FnZVs6NTBdfSIpCiAgICByZXR1cm4geyJzdGF0dXMiOiAib2siLCAiaG9zdCI6IEhPU1R9CgoKQGFwcC5wb3N0KCIvd3JpdGVfbG9ncyIpCmFzeW5jIGRlZiB3cml0ZV9sb2dzKGJhdGNoOiBMb2dCYXRjaCwgcmVxOiBSZXF1ZXN0KToKICAgIGlwID0gcmVxLmhlYWRlcnMuZ2V0KCJYLVJlYWwtSVAiLCByZXEuY2xpZW50Lmhvc3QpCiAgICB2YWxzID0gWwogICAgICAgIGYiKCd7ZS50aW1lc3RhbXAgb3Igbm93KCl9JywgJ3tlc2MoZS5sZXZlbCl9JywgJ3tlc2MoZS5tZXNzYWdlKX0nLCAne2VzYyhlLnNvdXJjZSl9JykiCiAgICAgICAgZm9yIGUgaW4gYmF0Y2gubG9ncwogICAgXQoKICAgIGFzeW5jIHdpdGggaHR0cHguQXN5bmNDbGllbnQoKSBhcyBjOgogICAgICAgIHIgPSBhd2FpdCBjLnBvc3QoCiAgICAgICAgICAgIENMSUNLSE9VU0UsIGNvbnRlbnQ9ZiJJTlNFUlQgSU5UTyBkZWZhdWx0LmxvZ3MgVkFMVUVTIHsnLCcuam9pbih2YWxzKX0iCiAgICAgICAgKQogICAgICAgIGlmIHIuc3RhdHVzX2NvZGUgIT0gMjAwOgogICAgICAgICAgICByYWlzZSBIVFRQRXhjZXB0aW9uKDUwMCwgci50ZXh0KQoKICAgIGxvZy5pbmZvKGYiW3tpcH1dIFNhdmVkIHtsZW4oYmF0Y2gubG9ncyl9IGxvZ3MiKQogICAgcmV0dXJuIHsic3RhdHVzIjogIm9rIiwgImNvdW50IjogbGVuKGJhdGNoLmxvZ3MpLCAiaG9zdCI6IEhPU1R9CgoKQGFwcC5nZXQoIi9sb2dzIikKYXN5bmMgZGVmIGdldF9sb2dzKGxpbWl0OiBpbnQgPSAxMDApOgogICAgYXN5bmMgd2l0aCBodHRweC5Bc3luY0NsaWVudCgpIGFzIGM6CiAgICAgICAgciA9IGF3YWl0IGMuZ2V0KAogICAgICAgICAgICBDTElDS0hPVVNFLAogICAgICAgICAgICBwYXJhbXM9ewogICAgICAgICAgICAgICAgInF1ZXJ5IjogZiJTRUxFQ1QgKiBGUk9NIGRlZmF1bHQubG9ncyBPUkRFUiBCWSB0aW1lc3RhbXAgREVTQyBMSU1JVCB7bGltaXR9IEZPUk1BVCBKU09OIgogICAgICAgICAgICB9LAogICAgICAgICkKICAgICAgICBpZiByLnN0YXR1c19jb2RlICE9IDIwMDoKICAgICAgICAgICAgcmFpc2UgSFRUUEV4Y2VwdGlvbig1MDAsIHIudGV4dCkKICAgICAgICByZXR1cm4gci5qc29uKCkK\n\n  - path: /etc/systemd/system/logbroker.service\n    content: |\n      [Unit]\n      Description=Logbroker\n      After=network.target\n      [Service]\n      WorkingDirectory=/opt/logbroker\n      Environment=CLICKHOUSE_URL=http://10.0.2.22:8123\n      ExecStart=/opt/logbroker/venv/bin/uvicorn main:app --host 0.0.0.0 --port 80\n      Restart=always\n      [Install]\n      WantedBy=multi-user.target\n\nruncmd:\n  - python3 -m venv /opt/logbroker/venv\n  - /opt/logbroker/venv/bin/pip install fastapi uvicorn httpx\n  - systemctl daemon-reload\n  - systemctl enable --now logbroker\n"
            },
            "metadata_options": [
              {
                "aws_v1_http_endpoint": 1,
                "aws_v1_http_token": 2,
                "gce_http_endpoint": 1,
                "gce_http_token": 1
              }
            ],
            "name": "hw2-logbroker-1",
            "network_acceleration_type": "standard",
            "network_interface": [
              {
                "dns_record": [],
                "index": 0,
                "ip_address": "10.0.2.33",
                "ipv4": true,
                "ipv6": false,
                "ipv6_address": "",
                "ipv6_dns_record": [],
                "mac_address": "d0:0d:1a:fc:62:d7",
                "nat": false,
                "nat_dns_record": [],
                "nat_ip_address": "",
                "nat_ip_version": "",
                "security_group_ids": [
                  "enpbc7ve42dm43tf510l"
                ],
                "subnet_id": "e9bcuhcpnl0l8gjba5qk"
              }
            ],
            "placement_policy": [
              {
                "host_affinity_rules": [],
                "placement_group_id": "",
                "placement_group_partition": 0
              }
            ],
            "platform_id": "standard-v3",
            "resources": [
              {
                "core_fraction": 100,
                "cores": 2,
                "gpus": 0,
                "memory": 2
              }
            ],
            "scheduling_policy": [
              {
                "preemptible": false
              }
            ],
            "secondary_disk": [],
            "service_account_id": "",
            "status": "running",
            "timeouts": null,
            "zone": "ru-central1-a"
          },
          "sensitive_attributes": [],
          "identity_schema_version": 0,
          "private": "eyJlMmJmYjczMC1lY2FhLTExZTYtOGY4OC0zNDM2M2JjN2M0YzAiOnsiY3JlYXRlIjozMDAwMDAwMDAwMDAsImRlbGV0ZSI6MzAwMDAwMDAwMDAwLCJ1cGRhdGUiOjMwMDAwMDAwMDAwMH0sInNjaGVtYV92ZXJzaW9uIjoiMSJ9",
          "dependencies": [
            "data.yandex_compute_image.nat",
            "data.yandex_compute_image.ubuntu",
            "yandex_compute_instance.clickhouse",
            "yandex_compute_instance.nat",
            "yandex_vpc_network.main",
            "yandex_vpc_route_table.nat",
            "yandex_vpc_security_group.nat",
            "yandex_vpc_security_group.private",
            "yandex_vpc_subnet.private",
            "yandex_vpc_subnet.public"
          ]
        },
        {
          "index_key": 1,
          "schema_version": 1,
          "attributes": {
            "allow_recreate": null,
            "allow_stopping_for_update": null,
            "boot_disk": [
              {
                "auto_delete": true,
                "device_name": "fhmlt7qdlril6lfjkbmb",
                "disk_id": "fhmlt7qdlril6lfjkbmb",
                "initialize_params": [
                  {
                    "block_size": 4096,
                    "description": "",
                    "image_id": "fd883rif8e2s2nqkskao",
                    "kms_key_id": "",
                    "name": "",
                    "size": 8,
                    "snapshot_id": "",
                    "type": "network-hdd"
                  }
                ],
                "mode": "READ_WRITE"
              }
            ],
            "created_at": "2026-01-31T14:22:22Z",
            "description": "",
            "filesystem": [],
            "folder_id": "b1g4ig60p79u6hkvpnf3",
            "fqdn": "fhmd29ilagioi2cr44oj.auto.internal",
            "gpu_cluster_id": "",
            "hardware_generation": [
              {
                "generation2_features": [],
                "legacy_features": [
                  {
                    "pci_topology": "PCI_TOPOLOGY_V2"
                  }
                ]
              }
            ],
            "hostname": "",
            "id": "fhmd29ilagioi2cr44oj",
            "labels": null,
            "local_disk": [],
            "maintenance_grace_period": "",
            "maintenance_policy": null,
            "metadata": {
              "ssh-keys": "ubuntu:ssh-rsa AAAAB3NzaC1yc2EAAAADAQABAAACAQCxHZt1pEAYuzzY2VCQRJNPwRfuApcDzZobQ/ZeiOxrf3I9MxWGxF197RI6TfJz0lqDM/4NviECIB6C0amlYi7kfXOEnIiYpjm4YgyA7tX9fvQ5f5JeeQjhf/p+7mZNG/BAb9kOA1WR5F+2aPSJL9/F0SrGyZTpPK19bswlL0cTgyXxyafsy2QsziKpHA1ATxKPhhVFicXbE4W1emuaq261C5+oIpemMRZx7PmAQKjCs3o3vZbYJN3B/c3Utfz4KIVJTCNEJdnMxLyLV9/Mvfpf+v6PypZeiJ581s7DDQJ7hho7xQxGGChL+9hv/6m/VH6u+abJaTqgBmBgrzb2/Ywb/piNUVdNVxWkeE5PLcAbjP3oyp6pne9Guo6mXb8DNNrlE0bsqC8xpfVYUh/BWUqPQnx/8ozWh+FqsLQwrESET+PwjyH3jPVGN+tkOzZxbwV/eeqzHWXHBk8oR2h73KfFwNXVPa6neXgBqKp9CmExCO6Aku/Rg05yzXnseWgUUkCdTR7K7AVdlXWw8xRDpcGwHOByEzcG4XlFZgrtnPBpUij9Qx+Gpk6ZGYTwTQNtM7yq/yu9xq6kQOTYJgBN9UejsQY5IIvapXQ6l1FSc0zEwlLcoa9H0NCR+TRXZzWL0ze7lU1lhOTsCx8cZlMuLoNiCY/zgK6/QgdFXEp+goRsPw== РђРЅС‚РѕРЅ@DESKTOP-39HQ4PH",
              "user-data": "#cloud-config\npackage_update: true\npackages:\n  - python3\n  - python3-pip\n  - python3-venv\n\nwrite_files:\n  - path: /opt/logbroker/main.py\n    encoding: b64\n    content: ZnJvbSBmYXN0YXBpIGltcG9ydCBGYXN0QVBJLCBIVFRQRXhjZXB0aW9uLCBSZXF1ZXN0CmZyb20gcHlkYW50aWMgaW1wb3J0IEJhc2VNb2RlbApmcm9tIGRhdGV0aW1lIGltcG9ydCBkYXRldGltZSwgdGltZXpvbmUsIHRpbWVkZWx0YQppbXBvcnQgaHR0cHgsIGxvZ2dpbmcsIHNvY2tldCwgb3MKCkNMSUNLSE9VU0UgPSBvcy5nZXRlbnYoIkNMSUNLSE9VU0VfVVJMIiwgImh0dHA6Ly9sb2NhbGhvc3Q6ODEyMyIpClRaID0gdGltZXpvbmUodGltZWRlbHRhKGhvdXJzPTMpKQpIT1NUID0gc29ja2V0LmdldGhvc3RuYW1lKCkKCmxvZ2dpbmcuYmFzaWNDb25maWcobGV2ZWw9bG9nZ2luZy5JTkZPLCBmb3JtYXQ9ZiIlKGFzY3RpbWUpcyBbe0hPU1R9XSAlKG1lc3NhZ2UpcyIpCmxvZyA9IGxvZ2dpbmcuZ2V0TG9nZ2VyKF9fbmFtZV9fKQphcHAgPSBGYXN0QVBJKCkKCgpjbGFzcyBMb2dFbnRyeShCYXNlTW9kZWwpOgogICAgbGV2ZWw6IHN0ciA9ICJJTkZPIgogICAgbWVzc2FnZTogc3RyCiAgICBzb3VyY2U6IHN0ciA9ICJ1bmtub3duIgogICAgdGltZXN0YW1wOiBzdHIgPSBOb25lCgoKY2xhc3MgTG9nQmF0Y2goQmFzZU1vZGVsKToKICAgIGxvZ3M6IGxpc3RbTG9nRW50cnldCgoKZGVmIGVzYyhzKToKICAgIHJldHVybiBzLnJlcGxhY2UoIiciLCAiJyciKQoKCmRlZiBub3coKToKICAgIHJldHVybiBkYXRldGltZS5ub3coVFopLnN0cmZ0aW1lKCIlWS0lbS0lZCAlSDolTTolUyIpCgoKQGFwcC5nZXQoIi8iKQpkZWYgaW5kZXgoKToKICAgIHJldHVybiB7InN0YXR1cyI6ICJvayIsICJob3N0IjogSE9TVH0KCgpAYXBwLmdldCgiL2hlYWx0aCIpCmRlZiBoZWFsdGgoKToKICAgIHJldHVybiB7InN0YXR1cyI6ICJoZWFsdGh5In0KCgpAYXBwLnBvc3QoIi93cml0ZV9sb2ciKQphc3luYyBkZWYgd3JpdGVfbG9nKGVudHJ5OiBMb2dFbnRyeSwgcmVxOiBSZXF1ZXN0KToKICAgIGlwID0gcmVxLmhlYWRlcnMuZ2V0KCJYLVJlYWwtSVAiLCByZXEuY2xpZW50Lmhvc3QpCiAgICB0cyA9IGVudHJ5LnRpbWVzdGFtcCBvciBub3coKQogICAgcSA9IGYiSU5TRVJUIElOVE8gZGVmYXVsdC5sb2dzIFZBTFVFUyAoJ3t0c30nLCAne2VzYyhlbnRyeS5sZXZlbCl9JywgJ3tlc2MoZW50cnkubWVzc2FnZSl9JywgJ3tlc2MoZW50cnkuc291cmNlKX0nKSIKCiAgICBhc3luYyB3aXRoIGh0dHB4LkFzeW5jQ2xpZW50KCkgYXMgYzoKICAgICAgICByID0gYXdhaXQgYy5wb3N0KENMSUNLSE9VU0UsIGNvbnRlbnQ9cSkKICAgICAgICBpZiByLnN0YXR1c19jb2RlICE9IDIwMDoKICAgICAgICAgICAgcmFpc2UgSFRUUEV4Y2VwdGlvbig1MDAsIHIudGV4dCkKCiAgICBsb2cuaW5mbyhmIlt7aXB9XSB7ZW50cnkubGV2ZWx9OiB7ZW50cnkubWVzc2FnZVs6NTBdfSIpCiAgICByZXR1cm4geyJzdGF0dXMiOiAib2siLCAiaG9zdCI6IEhPU1R9CgoKQGFwcC5wb3N0KCIvd3JpdGVfbG9ncyIpCmFzeW5jIGRlZiB3cml0ZV9sb2dzKGJhdGNoOiBMb2dCYXRjaCwgcmVxOiBSZXF1ZXN0KToKICAgIGlwID0gcmVxLmhlYWRlcnMuZ2V0KCJYLVJlYWwtSVAiLCByZXEuY2xpZW50Lmhvc3QpCiAgICB2YWxzID0gWwogICAgICAgIGYiKCd7ZS50aW1lc3RhbXAgb3Igbm93KCl9JywgJ3tlc2MoZS5sZXZlbCl9JywgJ3tlc2MoZS5tZXNzYWdlKX0nLCAne2VzYyhlLnNvdXJjZSl9JykiCiAgICAgICAgZm9yIGUgaW4gYmF0Y2gubG9ncwogICAgXQoKICAgIGFzeW5jIHdpdGggaHR0cHguQXN5bmNDbGllbnQoKSBhcyBjOgogICAgICAgIHIgPSBhd2FpdCBjLnBvc3QoCiAgICAgICAgICAgIENMSUNLSE9VU0UsIGNvbnRlbnQ9ZiJJTlNFUlQgSU5UTyBkZWZhdWx0LmxvZ3MgVkFMVUVTIHsnLCcuam9pbih2YWxzKX0iCiAgICAgICAgKQogICAgICAgIGlmIHIuc3RhdHVzX2NvZGUgIT0gMjAwOgogICAgICAgICAgICByYWlzZSBIVFRQRXhjZXB0aW9uKDUwMCwgci50ZXh0KQoKICAgIGxvZy5pbmZvKGYiW3tpcH1dIFNhdmVkIHtsZW4oYmF0Y2gubG9ncyl9IGxvZ3MiKQogICAgcmV0dXJuIHsic3RhdHVzIjogIm9rIiwgImNvdW50IjogbGVuKGJhdGNoLmxvZ3MpLCAiaG9zdCI6IEhPU1R9CgoKQGFwcC5nZXQoIi9sb2dzIikKYXN5bmMgZGVmIGdldF9sb2dzKGxpbWl0OiBpbnQgPSAxMDApOgogICAgYXN5bmMgd2l0aCBodHRweC5Bc3luY0NsaWVudCgpIGFzIGM6CiAgICAgICAgciA9IGF3YWl0IGMuZ2V0KAogICAgICAgICAgICBDTElDS0hPVVNFLAogICAgICAgICAgICBwYXJhbXM9ewogICAgICAgICAgICAgICAgInF1ZXJ5IjogZiJTRUxFQ1QgKiBGUk9NIGRlZmF1bHQubG9ncyBPUkRFUiBCWSB0aW1lc3RhbXAgREVTQyBMSU1JVCB7bGltaXR9IEZPUk1BVCBKU09OIgogICAgICAgICAgICB9LAogICAgICAgICkKICAgICAgICBpZiByLnN0YXR1c19jb2RlICE9IDIwMDoKICAgICAgICAgICAgcmFpc2UgSFRUUEV4Y2VwdGlvbig1MDAsIHIudGV4dCkKICAgICAgICByZXR1cm4gci5qc29uKCkK\n\n  - path: /etc/systemd/system/logbroker.service\n    content: |\n      [Unit]\n      Description=Logbroker\n      After=network.target\n      [Service]\n      WorkingDirectory=/opt/logbroker\n      Environment=CLICKHOUSE_URL=http://10.0.2.22:8123\n      ExecStart=/opt/logbroker/venv/bin/uvicorn main:app --host 0.0.0.0 --port 80\n      Restart=always\n      [Install]\n      WantedBy=multi-user.target\n\nruncmd:\n  - python3 -m venv /opt/logbroker/venv\n  - /opt/logbroker/venv/bin/pip install fastapi uvicorn httpx\n  - systemctl daemon-reload\n  - systemctl enable --now logbroker\n"
            },
            "metadata_options": [
              {
                "aws_v1_http_endpoint": 1,
                "aws_v1_http_token": 2,
                "gce_http_endpoint": 1,
                "gce_http_token": 1
              }
            ],
            "name": "hw2-logbroker-2",
            "network_acceleration_type": "standard",
            "network_interface": [
              {
                "dns_record": [],
                "index": 0,
                "ip_address": "10.0.2.32",
                "ipv4": true,
                "ipv6": false,
                "ipv6_address": "",
                "ipv6_dns_record": [],
                "mac_address": "d0:0d:d1:26:55:54",
                "nat": false,
                "nat_dns_record": [],
                "nat_ip_address": "",
                "nat_ip_version": "",
                "security_group_ids": [
                  "enpbc7ve42dm43tf510l"
                ],
                "subnet_id": "e9bcuhcpnl0l8gjba5qk"
              }
            ],
            "placement_policy": [
              {
                "host_affinity_rules": [],
                "placement_group_id": "",
                "placement_group_partition": 0
              }
            ],
            "platform_id": "standard-v3",
            "resources": [
              {
                "core_fraction": 100,
                "cores": 2,
                "gpus": 0,
                "memory": 2
              }
            ],
            "scheduling_policy": [
              {
                "preemptible": false
              }
            ],
            "secondary_disk": [],
            "service_account_id": "",
            "status": "running",
            "timeouts": null,
            "zone": "ru-central1-a"
          },
          "sensitive_attributes": [],
          "identity_schema_version": 0,
          "private": "eyJlMmJmYjczMC1lY2FhLTExZTYtOGY4OC0zNDM2M2JjN2M0YzAiOnsiY3JlYXRlIjozMDAwMDAwMDAwMDAsImRlbGV0ZSI6MzAwMDAwMDAwMDAwLCJ1cGRhdGUiOjMwMDAwMDAwMDAwMH0sInNjaGVtYV92ZXJzaW9uIjoiMSJ9",
          "dependencies": [
            "data.yandex_compute_image.nat",
            "data.yandex_compute_image.ubuntu",
            "yandex_compute_instance.clickhouse",
            "yandex_compute_instance.nat",
            "yandex_vpc_network.main",
            "yandex_vpc_route_table.nat",
            "yandex_vpc_security_group.nat",
            "yandex_vpc_security_group.private",
            "yandex_vpc_subnet.private",
            "yandex_vpc_subnet.public"
          ]
        }
      ]
    },
    {
      "mode": "managed",
      "type": "yandex_compute_instance",
      "name": "nat",
      "provider": "provider[\"registry.terraform.io/yandex-cloud/yandex\"]",
      "instances": [
        {
          "schema_version": 1,
          "attributes": {
            "allow_recreate": null,
            "allow_stopping_for_update": null,
            "boot_disk": [
              {
                "auto_delete": true,
                "device_name": "fhmtmiq1ulo99mmgvchj",
                "disk_id": "fhmtmiq1ulo99mmgvchj",
                "initialize_params": [
                  {
                    "block_size": 4096,
                    "description": "",
                    "image_id": "fd8h76l6eh0qh70cpft7",
                    "kms_key_id": "",
                    "name": "",
                    "size": 3,
                    "snapshot_id": "",
                    "type": "network-hdd"
                  }
                ],
                "mode": "READ_WRITE"
              }
            ],
            "created_at": "2026-01-31T14:20:42Z",
            "description": "",
            "filesystem": [],
            "folder_id": "b1g4ig60p79u6hkvpnf3",
            "fqdn": "fhmse2l1kfs30vtntn68.auto.internal",
            "gpu_cluster_id": "",
            "hardware_generation": [
              {
                "generation2_features": [],
                "legacy_features": [
                  {
                    "pci_topology": "PCI_TOPOLOGY_V1"
                  }
                ]
              }
            ],
            "hostname": "",
            "id": "fhmse2l1kfs30vtntn68",
            "labels": null,
            "local_disk": [],
            "maintenance_grace_period": "",
            "maintenance_policy": null,
            "metadata": {
              "ssh-keys": "ubuntu:ssh-rsa AAAAB3NzaC1yc2EAAAADAQABAAACAQCxHZt1pEAYuzzY2VCQRJNPwRfuApcDzZobQ/ZeiOxrf3I9MxWGxF197RI6TfJz0lqDM/4NviECIB6C0amlYi7kfXOEnIiYpjm4YgyA7tX9fvQ5f5JeeQjhf/p+7mZNG/BAb9kOA1WR5F+2aPSJL9/F0SrGyZTpPK19bswlL0cTgyXxyafsy2QsziKpHA1ATxKPhhVFicXbE4W1emuaq261C5+oIpemMRZx7PmAQKjCs3o3vZbYJN3B/c3Utfz4KIVJTCNEJdnMxLyLV9/Mvfpf+v6PypZeiJ581s7DDQJ7hho7xQxGGChL+9hv/6m/VH6u+abJaTqgBmBgrzb2/Ywb/piNUVdNVxWkeE5PLcAbjP3oyp6pne9Guo6mXb8DNNrlE0bsqC8xpfVYUh/BWUqPQnx/8ozWh+FqsLQwrESET+PwjyH3jPVGN+tkOzZxbwV/eeqzHWXHBk8oR2h73KfFwNXVPa6neXgBqKp9CmExCO6Aku/Rg05yzXnseWgUUkCdTR7K7AVdlXWw8xRDpcGwHOByEzcG4XlFZgrtnPBpUij9Qx+Gpk6ZGYTwTQNtM7yq/yu9xq6kQOTYJgBN9UejsQY5IIvapXQ6l1FSc0zEwlLcoa9H0NCR+TRXZzWL0ze7lU1lhOTsCx8cZlMuLoNiCY/zgK6/QgdFXEp+goRsPw== РђРЅС‚РѕРЅ@DESKTOP-39HQ4PH"
            },
            "metadata_options": [
              {
                "aws_v1_http_endpoint": 1,
                "aws_v1_http_token": 2,
                "gce_http_endpoint": 1,
                "gce_http_token": 1
              }
            ],
            "name": "hw2-nat",
            "network_acceleration_type": "standard",
            "network_interface": [
              {
                "dns_record": [],
                "index": 0,
                "ip_address": "10.0.1.7",
                "ipv4": true,
                "ipv6": false,
                "ipv6_address": "",
                "ipv6_dns_record": [],
                "mac_address": "d0:0d:1c:70:aa:1a",
                "nat": true,
                "nat_dns_record": [],
                "nat_ip_address": "89.169.146.243",
                "nat_ip_version": "IPV4",
                "security_group_ids": [
                  "enpjtgur4qr72uf2raqb"
                ],
                "subnet_id": "e9bi593kcic89olos69l"
              }
            ],
            "placement_policy": [
              {
                "host_affinity_rules": [],
                "placement_group_id": "",
                "placement_group_partition": 0
              }
            ],
            "platform_id": "standard-v3",
            "resources": [
              {
                "core_fraction": 100,
                "cores": 2,
                "gpus": 0,
                "memory": 2
              }
            ],
            "scheduling_policy": [
              {
                "preemptible": false
              }
            ],
            "secondary_disk": [],
            "service_account_id": "",
            "status": "running",
            "timeouts": null,
            "zone": "ru-central1-a"
          },
          "sensitive_attributes": [],
          "identity_schema_version": 0,
          "private": "eyJlMmJmYjczMC1lY2FhLTExZTYtOGY4OC0zNDM2M2JjN2M0YzAiOnsiY3JlYXRlIjozMDAwMDAwMDAwMDAsImRlbGV0ZSI6MzAwMDAwMDAwMDAwLCJ1cGRhdGUiOjMwMDAwMDAwMDAwMH0sInNjaGVtYV92ZXJzaW9uIjoiMSJ9",
          "dependencies": [
            "data.yandex_compute_image.nat",
            "yandex_vpc_network.main",
            "yandex_vpc_security_group.nat",
            "yandex_vpc_subnet.public"
          ]
        }
      ]
    },
    {
      "mode": "managed",
      "type": "yandex_compute_instance",
      "name": "nginx",
      "provider": "provider[\"registry.terraform.io/yandex-cloud/yandex\"]",
      "instances": [
        {
          "schema_version": 1,
          "attributes": {
            "allow_recreate": null,
            "allow_stopping_for_update": null,
            "boot_disk": [
              {
                "auto_delete": true,
                "device_name": "fhm694n68k32u487befg",
                "disk_id": "fhm694n68k32u487befg",
                "initialize_params": [
                  {
                    "block_size": 4096,
                    "description": "",
                    "image_id": "fd883rif8e2s2nqkskao",
                    "kms_key_id": "",
                    "name": "",
                    "size": 8,
                    "snapshot_id": "",
                    "type": "network-hdd"
                  }
                ],
                "mode": "READ_WRITE"
              }
            ],
            "created_at": "2026-01-31T14:22:55Z",
            "description": "",
            "filesystem": [],
            "folder_id": "b1g4ig60p79u6hkvpnf3",
            "fqdn": "fhmt1b2ohgcgbm06r91m.auto.internal",
            "gpu_cluster_id": "",
            "hardware_generation": [
              {
                "generation2_features": [],
                "legacy_features": [
                  {
                    "pci_topology": "PCI_TOPOLOGY_V2"
                  }
                ]
              }
            ],
            "hostname": "",
            "id": "fhmt1b2ohgcgbm06r91m",
            "labels": null,
            "local_disk": [],
            "maintenance_grace_period": "",
            "maintenance_policy": null,
            "metadata": {
              "ssh-keys": "ubuntu:ssh-rsa AAAAB3NzaC1yc2EAAAADAQABAAACAQCxHZt1pEAYuzzY2VCQRJNPwRfuApcDzZobQ/ZeiOxrf3I9MxWGxF197RI6TfJz0lqDM/4NviECIB6C0amlYi7kfXOEnIiYpjm4YgyA7tX9fvQ5f5JeeQjhf/p+7mZNG/BAb9kOA1WR5F+2aPSJL9/F0SrGyZTpPK19bswlL0cTgyXxyafsy2QsziKpHA1ATxKPhhVFicXbE4W1emuaq261C5+oIpemMRZx7PmAQKjCs3o3vZbYJN3B/c3Utfz4KIVJTCNEJdnMxLyLV9/Mvfpf+v6PypZeiJ581s7DDQJ7hho7xQxGGChL+9hv/6m/VH6u+abJaTqgBmBgrzb2/Ywb/piNUVdNVxWkeE5PLcAbjP3oyp6pne9Guo6mXb8DNNrlE0bsqC8xpfVYUh/BWUqPQnx/8ozWh+FqsLQwrESET+PwjyH3jPVGN+tkOzZxbwV/eeqzHWXHBk8oR2h73KfFwNXVPa6neXgBqKp9CmExCO6Aku/Rg05yzXnseWgUUkCdTR7K7AVdlXWw8xRDpcGwHOByEzcG4XlFZgrtnPBpUij9Qx+Gpk6ZGYTwTQNtM7yq/yu9xq6kQOTYJgBN9UejsQY5IIvapXQ6l1FSc0zEwlLcoa9H0NCR+TRXZzWL0ze7lU1lhOTsCx8cZlMuLoNiCY/zgK6/QgdFXEp+goRsPw== РђРЅС‚РѕРЅ@DESKTOP-39HQ4PH",
              "user-data": "#cloud-config\npackage_update: true\npackages:\n  - nginx\n\nwrite_files:\n  - path: /etc/nginx/sites-available/logbroker\n    content: |\n      upstream backends {\n          server 10.0.2.33:80;\n          server 10.0.2.32:80;\n      }\n      server {\n          listen 80;\n          location / {\n              proxy_pass http://backends;\n              proxy_set_header Host $host;\n              proxy_set_header X-Real-IP $remote_addr;\n          }\n      }\n\nruncmd:\n  - rm -f /etc/nginx/sites-enabled/default\n  - ln -sf /etc/nginx/sites-available/logbroker /etc/nginx/sites-enabled/\n  - nginx -t \u0026\u0026 systemctl restart nginx\n"
            },
            "metadata_options": [
              {
                "aws_v1_http_endpoint": 1,
                "aws_v1_http_token": 2,
                "gce_http_endpoint": 1,
                "gce_http_token": 1
              }
            ],
            "name": "hw2-nginx",
            "network_acceleration_type": "standard",
            "network_interface": [
              {
                "dns_record": [],
                "index": 0,
                "ip_address": "10.0.1.13",
                "ipv4": true,
                "ipv6": false,
                "ipv6_address": "",
                "ipv6_dns_record": [],
                "mac_address": "d0:0d:1d:0a:c5:88",
                "nat": true,
                "nat_dns_record": [],
                "nat_ip_address": "158.160.60.85",
                "nat_ip_version": "IPV4",
                "security_group_ids": [
                  "enpe20gu56cc3t5sveoj"
                ],
                "subnet_id": "e9bi593kcic89olos69l"
              }
            ],
            "placement_policy": [
              {
                "host_affinity_rules": [],
                "placement_group_id": "",
                "placement_group_partition": 0
              }
            ],
            "platform_id": "standard-v3",
            "resources": [
              {
                "core_fraction": 100,
                "cores": 2,
                "gpus": 0,
                "memory": 2
              }
            ],
            "scheduling_policy": [
              {
                "preemptible": false
              }
            ],
            "secondary_disk": [],
            "service_account_id": "",
            "status": "running",
            "timeouts": null,
            "zone": "ru-central1-a"
          },
          "sensitive_attributes": [],
          "identity_schema_version": 0,
          "private": "eyJlMmJmYjczMC1lY2FhLTExZTYtOGY4OC0zNDM2M2JjN2M0YzAiOnsiY3JlYXRlIjozMDAwMDAwMDAwMDAsImRlbGV0ZSI6MzAwMDAwMDAwMDAwLCJ1cGRhdGUiOjMwMDAwMDAwMDAwMH0sInNjaGVtYV92ZXJzaW9uIjoiMSJ9",
          "dependencies": [
            "data.yandex_compute_image.nat",
            "data.yandex_compute_image.ubuntu",
            "yandex_compute_instance.clickhouse",
            "yandex_compute_instance.logbroker",
            "yandex_compute_instance.nat",
            "yandex_vpc_network.main",
            "yandex_vpc_route_table.nat",
            "yandex_vpc_security_group.nat",
            "yandex_vpc_security_group.nginx",
            "yandex_vpc_security_group.private",
            "yandex_vpc_subnet.private",
            "yandex_vpc_subnet.public"
          ]
        }
      ]
    },
    {
      "mode": "managed",
      "type": "yandex_vpc_network",
      "name": "main",
      "provider": "provider[\"registry.terraform.io/yandex-cloud/yandex\"]",
      "instances": [
        {
          "schema_version": 0,
          "attributes": {
            "created_at": "2026-01-31T14:20:35Z",
            "default_security_group_id": "enpk4rqo46f2mghl9t67",
            "description": "",
            "folder_id": "b1g4ig60p79u6hkvpnf3",
            "id": "enp5vtsul9mmadnk4gbr",
            "labels": {},
            "name": "hw2-network",
            "subnet_ids": [],
            "timeouts": null
          },
          "sensitive_attributes": [],
          "identity_schema_version": 0,
          "private": "eyJlMmJmYjczMC1lY2FhLTExZTYtOGY4OC0zNDM2M2JjN2M0YzAiOnsiY3JlYXRlIjo2MDAwMDAwMDAwMCwiZGVsZXRlIjo2MDAwMDAwMDAwMCwidXBkYXRlIjo2MDAwMDAwMDAwMH19"
        }
      ]
    },
    {
      "mode": "managed",
      "type": "yandex_vpc_route_table",
      "name": "nat",
      "provider": "provider[\"registry.terraform.io/yandex-cloud/yandex\"]",
      "instances": [
        {
          "schema_version": 0,
          "attributes": {
            "created_at": "2026-01-31T14:21:37Z",
            "description": "",
            "folder_id": "b1g4ig60p79u6hkvpnf3",
            "id": "enpapfdp55nr87jeochv",
            "labels": {},
            "name": "hw2-nat-route",
            "network_id": "enp5vtsul9mmadnk4gbr",
            "static_route": [
              {
                "destination_prefix": "0.0.0.0/0",
                "gateway_id": "",
                "next_hop_address": "10.0.1.7"
              }
            ],
            "timeouts": null
          },
          "sensitive_attributes": [],
          "identity_schema_version": 0,
          "private": "eyJlMmJmYjczMC1lY2FhLTExZTYtOGY4OC0zNDM2M2JjN2M0YzAiOnsiY3JlYXRlIjoxODAwMDAwMDAwMDAsImRlbGV0ZSI6MTgwMDAwMDAwMDAwLCJ1cGRhdGUiOjE4MDAwMDAwMDAwMH19",
          "dependencies": [
            "data.yandex_compute_image.nat",
            "yandex_compute_instance.nat",
            "yandex_vpc_network.main",
            "yandex_vpc_security_group.nat",
            "yandex_vpc_subnet.public"
          ]
        }
      ]
    },
    {
      "mode": "managed",
      "type": "yandex_vpc_security_group",
      "name": "nat",
      "provider": "provider[\"registry.terraform.io/yandex-cloud/yandex\"]",
      "instances": [
        {
          "schema_version": 0,
          "attributes": {
            "created_at": "2026-01-31T14:20:39Z",
            "description": "",
            "egress": [
              {
                "description": "",
                "from_port": -1,
                "id": "enpdjmrqbumsds2lepuj",
                "labels": {},
                "port": -1,
                "predefined_target": "",
                "protocol": "ANY",
                "security_group_id": "",
                "to_port": -1,
                "v4_cidr_blocks": [
                  "0.0.0.0/0"
                ],
                "v6_cidr_blocks": []
              }
            ],
            "folder_id": "b1g4ig60p79u6hkvpnf3",
            "id": "enpjtgur4qr72uf2raqb",
            "ingress": [
              {
                "description": "",
                "from_port": -1,
                "id": "enp12qt3dt0vk79nf7gn",
                "labels": {},
                "port": -1,
                "predefined_target": "",
                "protocol": "ANY",
                "security_group_id": "",
                "to_port": -1,
                "v4_cidr_blocks": [
                  "10.0.2.0/24"
                ],
                "v6_cidr_blocks": []
              },
              {
                "description": "",
                "from_port": -1,
                "id": "enp6uagsekmn0a86t7pd",
                "labels": {},
                "port": 22,
                "predefined_target": "",
                "protocol": "TCP",
                "security_group_id": "",
                "to_port": -1,
                "v4_cidr_blocks": [
                  "0.0.0.0/0"
                ],
                "v6_cidr_blocks": []
              }
            ],
            "labels": {},
            "name": "hw2-nat-sg",
            "network_id": "enp5vtsul9mmadnk4gbr",
            "status": "ACTIVE",
            "timeouts": null
          },
          "sensitive_attributes": [],
          "identity_schema_version": 0,
          "private": "eyJlMmJmYjczMC1lY2FhLTExZTYtOGY4OC0zNDM2M2JjN2M0YzAiOnsiY3JlYXRlIjoxODAwMDAwMDAwMDAsImRlbGV0ZSI6MTgwMDAwMDAwMDAwLCJ1cGRhdGUiOjE4MDAwMDAwMDAwMH19",
          "dependencies": [
            "yandex_vpc_network.main"
          ]
        }
      ]
    },
    {
      "mode": "managed",
      "type": "yandex_vpc_security_group",
      "name": "nginx",
      "provider": "provider[\"registry.terraform.io/yandex-cloud/yandex\"]",
      "instances": [
        {
          "schema_version": 0,
          "attributes": {
            "created_at": "2026-01-31T14:20:43Z",
            "description": "",
            "egress": [
              {
                "description": "",
                "from_port": -1,
                "id": "enp8c2tn5ia41tbj56me",
                "labels": {},
                "port": -1,
                "predefined_target": "",
                "protocol": "ANY",
                "security_group_id": "",
                "to_port": -1,
                "v4_cidr_blocks": [
                  "0.0.0.0/0"
                ],
                "v6_cidr_blocks": []
              }
            ],
            "folder_id": "b1g4ig60p79u6hkvpnf3",
            "id": "enpe20gu56cc3t5sveoj",
            "ingress": [
              {
                "description": "",
                "from_port": -1,
                "id": "enp2kj9njcm73r1hqs9s",
                "labels": {},
                "port": 80,
                "predefined_target": "",
                "protocol": "TCP",
                "security_group_id": "",
                "to_port": -1,
                "v4_cidr_blocks": [
                  "0.0.0.0/0"
                ],
                "v6_cidr_blocks": []
              },
              {
                "description": "",
                "from_port": -1,
                "id": "enp570jpp4t1n8dacjo3",
                "labels": {},
                "port": 22,
                "predefined_target": "",
                "protocol": "TCP",
                "security_group_id": "",
                "to_port": -1,
                "v4_cidr_blocks": [
                  "0.0.0.0/0"
                ],
                "v6_cidr_blocks": []
              }
            ],
            "labels": {},
            "name": "hw2-nginx-sg",
            "network_id": "enp5vtsul9mmadnk4gbr",
            "status": "ACTIVE",
            "timeouts": null
          },
          "sensitive_attributes": [],
          "identity_schema_version": 0,
          "private": "eyJlMmJmYjczMC1lY2FhLTExZTYtOGY4OC0zNDM2M2JjN2M0YzAiOnsiY3JlYXRlIjoxODAwMDAwMDAwMDAsImRlbGV0ZSI6MTgwMDAwMDAwMDAwLCJ1cGRhdGUiOjE4MDAwMDAwMDAwMH19",
          "dependencies": [
            "yandex_vpc_network.main"
          ]
        }
      ]
    },
    {
      "mode": "managed",
      "type": "yandex_vpc_security_group",
      "name": "private",
      "provider": "provider[\"registry.terraform.io/yandex-cloud/yandex\"]",
      "instances": [
        {
          "schema_version": 0,
          "attributes": {
            "created_at": "2026-01-31T14:20:41Z",
            "description": "",
            "egress": [
              {
                "description": "",
                "from_port": -1,
                "id": "enpjr2vuhjmj3pm9a2o9",
                "labels": {},
                "port": -1,
                "predefined_target": "",
                "protocol": "ANY",
                "security_group_id": "",
                "to_port": -1,
                "v4_cidr_blocks": [
                  "0.0.0.0/0"
                ],
                "v6_cidr_blocks": []
              }
            ],
            "folder_id": "b1g4ig60p79u6hkvpnf3",
            "id": "enpbc7ve42dm43tf510l",
            "ingress": [
              {
                "description": "",
                "from_port": -1,
                "id": "enpituvagpqdo37173af",
                "labels": {},
                "port": -1,
                "predefined_target": "",
                "protocol": "ANY",
                "security_group_id": "",
                "to_port": -1,
                "v4_cidr_blocks": [
                  "10.0.2.0/24"
                ],
                "v6_cidr_blocks": []
              },
              {
                "description": "",
                "from_port": -1,
                "id": "enpjs15a524vqc6pkl73",
                "labels": {},
                "port": 80,
                "predefined_target": "",
                "protocol": "TCP",
                "security_group_id": "",
                "to_port": -1,
                "v4_cidr_blocks": [
                  "10.0.1.0/24"
                ],
                "v6_cidr_blocks": []
              },
              {
                "description": "",
                "from_port": -1,
                "id": "enpr000v89pp75a8bho3",
                "labels": {},
                "port": 22,
                "predefined_target": "",
                "protocol": "TCP",
                "security_group_id": "",
                "to_port": -1,
                "v4_cidr_blocks": [
                  "10.0.1.0/24"
                ],
                "v6_cidr_blocks": []
              },
              {
                "description": "",
                "from_port": -1,
                "id": "enptkmim0dq4va2beerv",
                "labels": {},
                "port": 8123,
                "predefined_target": "",
                "protocol": "TCP",
                "security_group_id": "",
                "to_port": -1,
                "v4_cidr_blocks": [
                  "10.0.2.0/24"
                ],
                "v6_cidr_blocks": []
              }
            ],
            "labels": {},
            "name": "hw2-private-sg",
            "network_id": "enp5vtsul9mmadnk4gbr",
            "status": "ACTIVE",
            "timeouts": null
          },
          "sensitive_attributes": [],
          "identity_schema_version": 0,
          "private": "eyJlMmJmYjczMC1lY2FhLTExZTYtOGY4OC0zNDM2M2JjN2M0YzAiOnsiY3JlYXRlIjoxODAwMDAwMDAwMDAsImRlbGV0ZSI6MTgwMDAwMDAwMDAwLCJ1cGRhdGUiOjE4MDAwMDAwMDAwMH19",
          "dependencies": [
            "yandex_vpc_network.main"
          ]
        }
      ]
    },
    {
      "mode": "managed",
      "type": "yandex_vpc_subnet",
      "name": "private",
      "provider": "provider[\"registry.terraform.io/yandex-cloud/yandex\"]",
      "instances": [
        {
          "schema_version": 0,
          "attributes": {
            "created_at": "2026-01-31T14:21:38Z",
            "description": "",
            "dhcp_options": [],
            "folder_id": "b1g4ig60p79u6hkvpnf3",
            "id": "e9bcuhcpnl0l8gjba5qk",
            "labels": {},
            "name": "hw2-private",
            "network_id": "enp5vtsul9mmadnk4gbr",
            "route_table_id": "enpapfdp55nr87jeochv",
            "timeouts": null,
            "v4_cidr_blocks": [
              "10.0.2.0/24"
            ],
            "v6_cidr_blocks": [],
            "zone": "ru-central1-a"
          },
          "sensitive_attributes": [],
          "identity_schema_version": 0,
          "private": "eyJlMmJmYjczMC1lY2FhLTExZTYtOGY4OC0zNDM2M2JjN2M0YzAiOnsiY3JlYXRlIjoxODAwMDAwMDAwMDAsImRlbGV0ZSI6MTgwMDAwMDAwMDAwLCJ1cGRhdGUiOjE4MDAwMDAwMDAwMH19",
          "dependencies": [
            "data.yandex_compute_image.nat",
            "yandex_compute_instance.nat",
            "yandex_vpc_network.main",
            "yandex_vpc_route_table.nat",
            "yandex_vpc_security_group.nat",
            "yandex_vpc_subnet.public"
          ]
        }
      ]
    },
    {
      "mode": "managed",
      "type": "yandex_vpc_subnet",
      "name": "public",
      "provider": "provider[\"registry.terraform.io/yandex-cloud/yandex\"]",
      "instances": [
        {
          "schema_version": 0,
          "attributes": {
            "created_at": "2026-01-31T14:20:38Z",
            "description": "",
            "dhcp_options": [],
            "folder_id": "b1g4ig60p79u6hkvpnf3",
            "id": "e9bi593kcic89olos69l",
            "labels": {},
            "name": "hw2-public",
            "network_id": "enp5vtsul9mmadnk4gbr",
            "route_table_id": "",
            "timeouts": null,
            "v4_cidr_blocks": [
              "10.0.1.0/24"
            ],
            "v6_cidr_blocks": [],
            "zone": "ru-central1-a"
          },
          "sensitive_attributes": [],
          "identity_schema_version": 0,
          "private": "eyJlMmJmYjczMC1lY2FhLTExZTYtOGY4OC0zNDM2M2JjN2M0YzAiOnsiY3JlYXRlIjoxODAwMDAwMDAwMDAsImRlbGV0ZSI6MTgwMDAwMDAwMDAwLCJ1cGRhdGUiOjE4MDAwMDAwMDAwMH19",
          "dependencies": [
            "yandex_vpc_network.main"
          ]
        }
      ]
    }
  ],
  "check_results": null
}
